{
  "version": 4,
  "terraform_version": "1.15.2",
  "serial": 71,
  "lineage": "8807b75e-5d07-2e22-3574-dd1f5307a628",
  "outputs": {
    "api_key": {
      "value": "foobar",
      "type": "string",
      "sensitive": true
    },
    "application_name": {
      "value": "gurmanapp",
      "type": "string"
    },
    "environment_name": {
      "value": "prod",
      "type": "string"
    },
    "environment_prefix": {
      "value": "gurmanapp_prod_fa3qm1",
      "type": "string"
    },
    "primary_region_instance": {
      "value": 8,
      "type": "number"
    },
    "regionA": {
      "value": "foo",
      "type": "string"
    },
    "regions": {
      "value": "eastus",
      "type": "string"
    },
    "sku_settings": {
      "value": "P",
      "type": "string"
    },
    "suffix": {
      "value": "fa3qm1",
      "type": "string"
    }
  },
  "resources": [
    {
      "mode": "managed",
      "type": "random_string",
      "name": "suffix",
      "provider": "provider[\"registry.terraform.io/hashicorp/random\"]",
      "instances": [
        {
          "schema_version": 2,
          "attributes": {
            "id": "fa3qm1",
            "keepers": null,
            "length": 6,
            "lower": true,
            "min_lower": 0,
            "min_numeric": 0,
            "min_special": 0,
            "min_upper": 0,
            "number": true,
            "numeric": true,
            "override_special": null,
            "result": "fa3qm1",
            "special": false,
            "upper": false
          },
          "sensitive_attributes": [],
          "identity_schema_version": 0
        }
      ]
    },
    {
      "module": "module.regional_stamps[\"bar\"]",
      "mode": "managed",
      "type": "random_string",
      "name": "virtual_machine",
      "provider": "provider[\"registry.terraform.io/hashicorp/random\"]",
      "instances": [
        {
          "schema_version": 2,
          "attributes": {
            "id": "(\u00261[)\u003c@@{1",
            "keepers": null,
            "length": 10,
            "lower": false,
            "min_lower": 0,
            "min_numeric": 0,
            "min_special": 0,
            "min_upper": 0,
            "number": true,
            "numeric": true,
            "override_special": null,
            "result": "(\u00261[)\u003c@@{1",
            "special": true,
            "upper": false
          },
          "sensitive_attributes": [],
          "identity_schema_version": 0
        }
      ]
    },
    {
      "module": "module.regional_stamps[\"foo\"]",
      "mode": "managed",
      "type": "random_string",
      "name": "virtual_machine",
      "provider": "provider[\"registry.terraform.io/hashicorp/random\"]",
      "instances": [
        {
          "schema_version": 2,
          "attributes": {
            "id": "_585\u003c167(#",
            "keepers": null,
            "length": 10,
            "lower": false,
            "min_lower": 0,
            "min_numeric": 0,
            "min_special": 0,
            "min_upper": 0,
            "number": true,
            "numeric": true,
            "override_special": null,
            "result": "_585\u003c167(#",
            "special": true,
            "upper": false
          },
          "sensitive_attributes": [],
          "identity_schema_version": 0
        }
      ]
    }
  ],
  "check_results": [
    {
      "object_kind": "var",
      "config_addr": "var.instance_count",
      "status": "pass",
      "objects": [
        {
          "object_addr": "var.instance_count",
          "status": "pass"
        }
      ]
    },
    {
      "object_kind": "var",
      "config_addr": "var.application_name",
      "status": "pass",
      "objects": [
        {
          "object_addr": "var.application_name",
          "status": "pass"
        }
      ]
    }
  ]
}
