{
  "version": 4,
  "terraform_version": "1.15.2",
  "serial": 21,
  "lineage": "7e66c8ee-ca20-5542-78f6-80feb7710d71",
  "outputs": {
    "api_key": {
      "value": "fooobar",
      "type": "string",
      "sensitive": true
    },
    "application_name": {
      "value": "gurmanapp",
      "type": "string"
    },
    "environment_name": {
      "value": "prod",
      "type": "string"
    },
    "environment_prefix": {
      "value": "gurmanapp_prod_\u003epzrz$",
      "type": "string"
    },
    "primary_region_instance": {
      "value": 8,
      "type": "number"
    },
    "regions": {
      "value": "eastus",
      "type": "string"
    },
    "suffix": {
      "value": "\u003epzrz$",
      "type": "string"
    }
  },
  "resources": [
    {
      "mode": "managed",
      "type": "random_string",
      "name": "suffix",
      "provider": "provider[\"registry.terraform.io/hashicorp/random\"]",
      "instances": [
        {
          "schema_version": 2,
          "attributes": {
            "id": "\u003epzrz$",
            "keepers": null,
            "length": 6,
            "lower": true,
            "min_lower": 0,
            "min_numeric": 0,
            "min_special": 0,
            "min_upper": 0,
            "number": true,
            "numeric": true,
            "override_special": null,
            "result": "\u003epzrz$",
            "special": true,
            "upper": false
          },
          "sensitive_attributes": [],
          "identity_schema_version": 0
        }
      ]
    }
  ],
  "check_results": null
}
